{
    "version": 3,
    "terraform_version": "0.11.7",
    "serial": 12,
    "lineage": "0569f7e2-e77b-cec3-83d1-c80d47873547",
    "modules": [
        {
            "path": [
                "root"
            ],
            "outputs": {},
            "resources": {
                "docker_container.reddit.0": {
                    "type": "docker_container",
                    "depends_on": [
                        "docker_image.reddit"
                    ],
                    "primary": {
                        "id": "90f0ea57c0a87f5494e712118b2b0bfeaabadcc611489ec038d841a297e7c05d",
                        "attributes": {
                            "bridge": "",
                            "gateway": "172.17.0.1",
                            "id": "90f0ea57c0a87f5494e712118b2b0bfeaabadcc611489ec038d841a297e7c05d",
                            "image": "sha256:41e07e4947507f35668a07c14e890f9166966ef89be755fbeab02fae3d31bf38",
                            "ip_address": "172.17.0.3",
                            "ip_prefix_length": "16",
                            "log_driver": "json-file",
                            "must_run": "true",
                            "name": "reddit-0",
                            "restart": "no"
                        },
                        "meta": {},
                        "tainted": false
                    },
                    "deposed": [],
                    "provider": "provider.docker"
                },
                "docker_container.reddit.1": {
                    "type": "docker_container",
                    "depends_on": [
                        "docker_image.reddit"
                    ],
                    "primary": {
                        "id": "261629d2156a53a6cbde2e4f3c0d8d029e1710453e128bb621ff067c2724feff",
                        "attributes": {
                            "bridge": "",
                            "gateway": "172.17.0.1",
                            "id": "261629d2156a53a6cbde2e4f3c0d8d029e1710453e128bb621ff067c2724feff",
                            "image": "sha256:41e07e4947507f35668a07c14e890f9166966ef89be755fbeab02fae3d31bf38",
                            "ip_address": "172.17.0.5",
                            "ip_prefix_length": "16",
                            "log_driver": "json-file",
                            "must_run": "true",
                            "name": "reddit-1",
                            "restart": "no"
                        },
                        "meta": {},
                        "tainted": false
                    },
                    "deposed": [],
                    "provider": "provider.docker"
                },
                "docker_container.reddit.2": {
                    "type": "docker_container",
                    "depends_on": [
                        "docker_image.reddit"
                    ],
                    "primary": {
                        "id": "5aeedd18e8ab055d7ca77d1575572c6408c8e919d65fd238dfc9c9d949f9381e",
                        "attributes": {
                            "bridge": "",
                            "gateway": "172.17.0.1",
                            "id": "5aeedd18e8ab055d7ca77d1575572c6408c8e919d65fd238dfc9c9d949f9381e",
                            "image": "sha256:41e07e4947507f35668a07c14e890f9166966ef89be755fbeab02fae3d31bf38",
                            "ip_address": "172.17.0.4",
                            "ip_prefix_length": "16",
                            "log_driver": "json-file",
                            "must_run": "true",
                            "name": "reddit-2",
                            "restart": "no"
                        },
                        "meta": {},
                        "tainted": false
                    },
                    "deposed": [],
                    "provider": "provider.docker"
                },
                "docker_image.reddit": {
                    "type": "docker_image",
                    "depends_on": [],
                    "primary": {
                        "id": "sha256:41e07e4947507f35668a07c14e890f9166966ef89be755fbeab02fae3d31bf38bulnv/otus-reddit:1.0",
                        "attributes": {
                            "id": "sha256:41e07e4947507f35668a07c14e890f9166966ef89be755fbeab02fae3d31bf38bulnv/otus-reddit:1.0",
                            "latest": "sha256:41e07e4947507f35668a07c14e890f9166966ef89be755fbeab02fae3d31bf38",
                            "name": "bulnv/otus-reddit:1.0"
                        },
                        "meta": {},
                        "tainted": false
                    },
                    "deposed": [],
                    "provider": "provider.docker"
                },
                "google_compute_instance.docker": {
                    "type": "google_compute_instance",
                    "depends_on": [],
                    "primary": {
                        "id": "docker-host-hw14",
                        "attributes": {
                            "attached_disk.#": "0",
                            "boot_disk.#": "1",
                            "boot_disk.0.auto_delete": "true",
                            "boot_disk.0.device_name": "persistent-disk-0",
                            "boot_disk.0.disk_encryption_key_raw": "",
                            "boot_disk.0.disk_encryption_key_sha256": "",
                            "boot_disk.0.initialize_params.#": "1",
                            "boot_disk.0.initialize_params.0.image": "https://www.googleapis.com/compute/v1/projects/debian-cloud/global/images/debian-8-jessie-v20180510",
                            "boot_disk.0.initialize_params.0.size": "10",
                            "boot_disk.0.initialize_params.0.type": "pd-standard",
                            "boot_disk.0.source": "https://www.googleapis.com/compute/v1/projects/docker-202808/zones/europe-west1-c/disks/docker-host-hw14",
                            "can_ip_forward": "false",
                            "cpu_platform": "Intel Ivy Bridge",
                            "create_timeout": "4",
                            "deletion_protection": "false",
                            "guest_accelerator.#": "0",
                            "id": "docker-host-hw14",
                            "instance_id": "2561562490926587469",
                            "label_fingerprint": "42WmSpB8rSM=",
                            "machine_type": "n1-standard-1",
                            "metadata.%": "1",
                            "metadata.ssh-keys": "appuser:ssh-rsa AAAAB3NzaC1yc2EAAAADAQABAAABAQCoa0ATEquCyU7oWPr2VhdDOrAOaCVJsdKp186E7tDkIFiZ9Y2qB+edBo+SmnEzN53PWUYQOom5kNtusLUJKZKOHDTdKnza7vC9TzHu+xPbgrsLuTV91NTK0gVa/rvTj7yKRKKUVR5F88amNXniUBilgr37nbXVwdSW0KN91AynVGpnUJ5f3Li0VJu+4d46RoieMvgRZNrSA462HK+200/ISyNU+H+IaG0PJqhU9oFUA/MkN24XDs4PPs9ceA6nnIMEobGIcV3crQF0WrwmCz9OlMAgvjhbjxEILCzkhIUSKNrRQMEaT7hfex35Er4pxUqWSLOy6iZIMKdVByeXYU6z bulashev@mylinux\n",
                            "metadata_fingerprint": "NxhJTkm_eOs=",
                            "metadata_startup_script": "",
                            "min_cpu_platform": "",
                            "name": "docker-host-hw14",
                            "network_interface.#": "1",
                            "network_interface.0.access_config.#": "1",
                            "network_interface.0.access_config.0.assigned_nat_ip": "35.205.193.233",
                            "network_interface.0.access_config.0.nat_ip": "35.205.193.233",
                            "network_interface.0.access_config.0.public_ptr_domain_name": "",
                            "network_interface.0.address": "10.132.0.3",
                            "network_interface.0.alias_ip_range.#": "0",
                            "network_interface.0.name": "nic0",
                            "network_interface.0.network": "https://www.googleapis.com/compute/v1/projects/docker-202808/global/networks/default",
                            "network_interface.0.network_ip": "10.132.0.3",
                            "network_interface.0.subnetwork": "https://www.googleapis.com/compute/v1/projects/docker-202808/regions/europe-west1/subnetworks/default",
                            "network_interface.0.subnetwork_project": "docker-202808",
                            "project": "docker-202808",
                            "scheduling.#": "1",
                            "scheduling.0.automatic_restart": "true",
                            "scheduling.0.on_host_maintenance": "MIGRATE",
                            "scheduling.0.preemptible": "false",
                            "scratch_disk.#": "0",
                            "self_link": "https://www.googleapis.com/compute/v1/projects/docker-202808/zones/europe-west1-c/instances/docker-host-hw14",
                            "service_account.#": "0",
                            "tags.#": "1",
                            "tags.190833403": "docker-host",
                            "tags_fingerprint": "et0vOZ3yDj4=",
                            "zone": "europe-west1-c"
                        },
                        "meta": {
                            "e2bfb730-ecaa-11e6-8f88-34363bc7c4c0": {
                                "create": 360000000000,
                                "delete": 360000000000,
                                "update": 360000000000
                            },
                            "schema_version": "6"
                        },
                        "tainted": false
                    },
                    "deposed": [],
                    "provider": "provider.google"
                }
            },
            "depends_on": []
        }
    ]
}
